// !$*UTF8*$!
{
	archiveVersion = 1;
	classes = {
	};
	objectVersion = 56;
	objects = {

/* Begin PBXBuildFile section */
		B137E26328F7367B00564F1E /* AppDelegate.swift in Sources */ = {isa = PBXBuildFile; fileRef = B137E26228F7367B00564F1E /* AppDelegate.swift */; };
		B137E26528F7367B00564F1E /* SceneDelegate.swift in Sources */ = {isa = PBXBuildFile; fileRef = B137E26428F7367B00564F1E /* SceneDelegate.swift */; };
		B137E26728F7367B00564F1E /* ProfitController.swift in Sources */ = {isa = PBXBuildFile; fileRef = B137E26628F7367B00564F1E /* ProfitController.swift */; };
		B137E26A28F7367B00564F1E /* Main.storyboard in Resources */ = {isa = PBXBuildFile; fileRef = B137E26828F7367B00564F1E /* Main.storyboard */; };
		B137E26C28F7367D00564F1E /* Assets.xcassets in Resources */ = {isa = PBXBuildFile; fileRef = B137E26B28F7367D00564F1E /* Assets.xcassets */; };
		B137E26F28F7367D00564F1E /* LaunchScreen.storyboard in Resources */ = {isa = PBXBuildFile; fileRef = B137E26D28F7367D00564F1E /* LaunchScreen.storyboard */; };
		B18F9E9D28FB2A4900799A85 /* addProfitViewController.swift in Sources */ = {isa = PBXBuildFile; fileRef = B18F9E9C28FB2A4900799A85 /* addProfitViewController.swift */; };
		B18F9E9F28FC588400799A85 /* SettingsButton.swift in Sources */ = {isa = PBXBuildFile; fileRef = B18F9E9E28FC588400799A85 /* SettingsButton.swift */; };
		B18F9EA128FC75C000799A85 /* PresentatinController.swift in Sources */ = {isa = PBXBuildFile; fileRef = B18F9EA028FC75C000799A85 /* PresentatinController.swift */; };
/* End PBXBuildFile section */

/* Begin PBXFileReference section */
		B137E25F28F7367B00564F1E /* FinCalculator.app */ = {isa = PBXFileReference; explicitFileType = wrapper.application; includeInIndex = 0; path = FinCalculator.app; sourceTree = BUILT_PRODUCTS_DIR; };
		B137E26228F7367B00564F1E /* AppDelegate.swift */ = {isa = PBXFileReference; lastKnownFileType = sourcecode.swift; path = AppDelegate.swift; sourceTree = "<group>"; };
		B137E26428F7367B00564F1E /* SceneDelegate.swift */ = {isa = PBXFileReference; lastKnownFileType = sourcecode.swift; path = SceneDelegate.swift; sourceTree = "<group>"; };
		B137E26628F7367B00564F1E /* ProfitController.swift */ = {isa = PBXFileReference; lastKnownFileType = sourcecode.swift; path = ProfitController.swift; sourceTree = "<group>"; };
		B137E26928F7367B00564F1E /* Base */ = {isa = PBXFileReference; lastKnownFileType = file.storyboard; name = Base; path = Base.lproj/Main.storyboard; sourceTree = "<group>"; };
		B137E26B28F7367D00564F1E /* Assets.xcassets */ = {isa = PBXFileReference; lastKnownFileType = folder.assetcatalog; path = Assets.xcassets; sourceTree = "<group>"; };
		B137E26E28F7367D00564F1E /* Base */ = {isa = PBXFileReference; lastKnownFileType = file.storyboard; name = Base; path = Base.lproj/LaunchScreen.storyboard; sourceTree = "<group>"; };
		B137E27028F7367D00564F1E /* Info.plist */ = {isa = PBXFileReference; lastKnownFileType = text.plist.xml; path = Info.plist; sourceTree = "<group>"; };
		B18F9E9C28FB2A4900799A85 /* addProfitViewController.swift */ = {isa = PBXFileReference; lastKnownFileType = sourcecode.swift; path = addProfitViewController.swift; sourceTree = "<group>"; };
		B18F9E9E28FC588400799A85 /* SettingsButton.swift */ = {isa = PBXFileReference; lastKnownFileType = sourcecode.swift; path = SettingsButton.swift; sourceTree = "<group>"; };
		B18F9EA028FC75C000799A85 /* PresentatinController.swift */ = {isa = PBXFileReference; lastKnownFileType = sourcecode.swift; path = PresentatinController.swift; sourceTree = "<group>"; };
/* End PBXFileReference section */

/* Begin PBXFrameworksBuildPhase section */
		B137E25C28F7367B00564F1E /* Frameworks */ = {
			isa = PBXFrameworksBuildPhase;
			buildActionMask = 2147483647;
			files = (
			);
			runOnlyForDeploymentPostprocessing = 0;
		};
/* End PBXFrameworksBuildPhase section */

/* Begin PBXGroup section */
		B137E25628F7367B00564F1E = {
			isa = PBXGroup;
			children = (
				B137E26128F7367B00564F1E /* FinCalculator */,
				B137E26028F7367B00564F1E /* Products */,
			);
			sourceTree = "<group>";
		};
		B137E26028F7367B00564F1E /* Products */ = {
			isa = PBXGroup;
			children = (
				B137E25F28F7367B00564F1E /* FinCalculator.app */,
			);
			name = Products;
			sourceTree = "<group>";
		};
		B137E26128F7367B00564F1E /* FinCalculator */ = {
			isa = PBXGroup;
			children = (
				B137E26228F7367B00564F1E /* AppDelegate.swift */,
				B137E26428F7367B00564F1E /* SceneDelegate.swift */,
				B137E26628F7367B00564F1E /* ProfitController.swift */,
				B18F9E9C28FB2A4900799A85 /* addProfitViewController.swift */,
				B18F9E9E28FC588400799A85 /* SettingsButton.swift */,
				B18F9EA028FC75C000799A85 /* PresentatinController.swift */,
				B137E26828F7367B00564F1E /* Main.storyboard */,
				B137E26B28F7367D00564F1E /* Assets.xcassets */,
				B137E26D28F7367D00564F1E /* LaunchScreen.storyboard */,
				B137E27028F7367D00564F1E /* Info.plist */,
			);
			path = FinCalculator;
			sourceTree = "<group>";
		};
/* End PBXGroup section */

/* Begin PBXNativeTarget section */
		B137E25E28F7367B00564F1E /* FinCalculator */ = {
			isa = PBXNativeTarget;
			buildConfigurationList = B137E27328F7367D00564F1E /* Build configuration list for PBXNativeTarget "FinCalculator" */;
			buildPhases = (
				B137E25B28F7367B00564F1E /* Sources */,
				B137E25C28F7367B00564F1E /* Frameworks */,
				B137E25D28F7367B00564F1E /* Resources */,
			);
			buildRules = (
			);
			dependencies = (
			);
			name = FinCalculator;
			productName = FinCalculator;
			productReference = B137E25F28F7367B00564F1E /* FinCalculator.app */;
			productType = "com.apple.product-type.application";
		};
/* End PBXNativeTarget section */

/* Begin PBXProject section */
		B137E25728F7367B00564F1E /* Project object */ = {
			isa = PBXProject;
			attributes = {
				BuildIndependentTargetsInParallel = 1;
				LastSwiftUpdateCheck = 1400;
				LastUpgradeCheck = 1400;
				TargetAttributes = {
					B137E25E28F7367B00564F1E = {
						CreatedOnToolsVersion = 14.0.1;
					};
				};
			};
			buildConfigurationList = B137E25A28F7367B00564F1E /* Build configuration list for PBXProject "FinCalculator" */;
			compatibilityVersion = "Xcode 14.0";
			developmentRegion = en;
			hasScannedForEncodings = 0;
			knownRegions = (
				en,
				Base,
			);
			mainGroup = B137E25628F7367B00564F1E;
			productRefGroup = B137E26028F7367B00564F1E /* Products */;
			projectDirPath = "";
			projectRoot = "";
			targets = (
				B137E25E28F7367B00564F1E /* FinCalculator */,
			);
		};
/* End PBXProject section */

/* Begin PBXResourcesBuildPhase section */
		B137E25D28F7367B00564F1E /* Resources */ = {
			isa = PBXResourcesBuildPhase;
			buildActionMask = 2147483647;
			files = (
				B137E26F28F7367D00564F1E /* LaunchScreen.storyboard in Resources */,
				B137E26C28F7367D00564F1E /* Assets.xcassets in Resources */,
				B137E26A28F7367B00564F1E /* Main.storyboard in Resources */,
			);
			runOnlyForDeploymentPostprocessing = 0;
		};
/* End PBXResourcesBuildPhase section */

/* Begin PBXSourcesBuildPhase section */
		B137E25B28F7367B00564F1E /* Sources */ = {
			isa = PBXSourcesBuildPhase;
			buildActionMask = 2147483647;
			files = (
				B18F9E9D28FB2A4900799A85 /* addProfitViewController.swift in Sources */,
				B137E26728F7367B00564F1E /* ProfitController.swift in Sources */,
				B18F9E9F28FC588400799A85 /* SettingsButton.swift in Sources */,
				B18F9EA128FC75C000799A85 /* PresentatinController.swift in Sources */,
				B137E26328F7367B00564F1E /* AppDelegate.swift in Sources */,
				B137E26528F7367B00564F1E /* SceneDelegate.swift in Sources */,
			);
			runOnlyForDeploymentPostprocessing = 0;
		};
/* End PBXSourcesBuildPhase section */

/* Begin PBXVariantGroup section */
		B137E26828F7367B00564F1E /* Main.storyboard */ = {
			isa = PBXVariantGroup;
			children = (
				B137E26928F7367B00564F1E /* Base */,
			);
			name = Main.storyboard;
			sourceTree = "<group>";
		};
		B137E26D28F7367D00564F1E /* LaunchScreen.storyboard */ = {
			isa = PBXVariantGroup;
			children = (
				B137E26E28F7367D00564F1E /* Base */,
			);
			name = LaunchScreen.storyboard;
			sourceTree = "<group>";
		};
/* End PBXVariantGroup section */

/* Begin XCBuildConfiguration section */
		B137E27128F7367D00564F1E /* Debug */ = {
			isa = XCBuildConfiguration;
			buildSettings = {
				ALWAYS_SEARCH_USER_PATHS = NO;
				CLANG_ANALYZER_NONNULL = YES;
				CLANG_ANALYZER_NUMBER_OBJECT_CONVERSION = YES_AGGRESSIVE;
				CLANG_CXX_LANGUAGE_STANDARD = "gnu++20";
				CLANG_ENABLE_MODULES = YES;
				CLANG_ENABLE_OBJC_ARC = YES;
				CLANG_ENABLE_OBJC_WEAK = YES;
				CLANG_WARN_BLOCK_CAPTURE_AUTORELEASING = YES;
				CLANG_WARN_BOOL_CONVERSION = YES;
				CLANG_WARN_COMMA = YES;
				CLANG_WARN_CONSTANT_CONVERSION = YES;
				CLANG_WARN_DEPRECATED_OBJC_IMPLEMENTATIONS = YES;
				CLANG_WARN_DIRECT_OBJC_ISA_USAGE = YES_ERROR;
				CLANG_WARN_DOCUMENTATION_COMMENTS = YES;
				CLANG_WARN_EMPTY_BODY = YES;
				CLANG_WARN_ENUM_CONVERSION = YES;
				CLANG_WARN_INFINITE_RECURSION = YES;
				CLANG_WARN_INT_CONVERSION = YES;
				CLANG_WARN_NON_LITERAL_NULL_CONVERSION = YES;
				CLANG_WARN_OBJC_IMPLICIT_RETAIN_SELF = YES;
				CLANG_WARN_OBJC_LITERAL_CONVERSION = YES;
				CLANG_WARN_OBJC_ROOT_CLASS = YES_ERROR;
				CLANG_WARN_QUOTED_INCLUDE_IN_FRAMEWORK_HEADER = YES;
				CLANG_WARN_RANGE_LOOP_ANALYSIS = YES;
				CLANG_WARN_STRICT_PROTOTYPES = YES;
				CLANG_WARN_SUSPICIOUS_MOVE = YES;
				CLANG_WARN_UNGUARDED_AVAILABILITY = YES_AGGRESSIVE;
				CLANG_WARN_UNREACHABLE_CODE = YES;
				CLANG_WARN__DUPLICATE_METHOD_MATCH = YES;
				COPY_PHASE_STRIP = NO;
				DEBUG_INFORMATION_FORMAT = dwarf;
				ENABLE_STRICT_OBJC_MSGSEND = YES;
				ENABLE_TESTABILITY = YES;
				GCC_C_LANGUAGE_STANDARD = gnu11;
				GCC_DYNAMIC_NO_PIC = NO;
				GCC_NO_COMMON_BLOCKS = YES;
				GCC_OPTIMIZATION_LEVEL = 0;
				GCC_PREPROCESSOR_DEFINITIONS = (
					"DEBUG=1",
					"$(inherited)",
				);
				GCC_WARN_64_TO_32_BIT_CONVERSION = YES;
				GCC_WARN_ABOUT_RETURN_TYPE = YES_ERROR;
				GCC_WARN_UNDECLARED_SELECTOR = YES;
				GCC_WARN_UNINITIALIZED_AUTOS = YES_AGGRESSIVE;
				GCC_WARN_UNUSED_FUNCTION = YES;
				GCC_WARN_UNUSED_VARIABLE = YES;
				IPHONEOS_DEPLOYMENT_TARGET = 16.0;
				MTL_ENABLE_DEBUG_INFO = INCLUDE_SOURCE;
				MTL_FAST_MATH = YES;
				ONLY_ACTIVE_ARCH = YES;
				SDKROOT = iphoneos;
				SWIFT_ACTIVE_COMPILATION_CONDITIONS = DEBUG;
				SWIFT_OPTIMIZATION_LEVEL = "-Onone";
			};
			name = Debug;
		};
		B137E27228F7367D00564F1E /* Release */ = {
			isa = XCBuildConfiguration;
			buildSettings = {
				ALWAYS_SEARCH_USER_PATHS = NO;
				CLANG_ANALYZER_NONNULL = YES;
				CLANG_ANALYZER_NUMBER_OBJECT_CONVERSION = YES_AGGRESSIVE;
				CLANG_CXX_LANGUAGE_STANDARD = "gnu++20";
				CLANG_ENABLE_MODULES = YES;
				CLANG_ENABLE_OBJC_ARC = YES;
				CLANG_ENABLE_OBJC_WEAK = YES;
				CLANG_WARN_BLOCK_CAPTURE_AUTORELEASING = YES;
				CLANG_WARN_BOOL_CONVERSION = YES;
				CLANG_WARN_COMMA = YES;
				CLANG_WARN_CONSTANT_CONVERSION = YES;
				CLANG_WARN_DEPRECATED_OBJC_IMPLEMENTATIONS = YES;
				CLANG_WARN_DIRECT_OBJC_ISA_USAGE = YES_ERROR;
				CLANG_WARN_DOCUMENTATION_COMMENTS = YES;
				CLANG_WARN_EMPTY_BODY = YES;
				CLANG_WARN_ENUM_CONVERSION = YES;
				CLANG_WARN_INFINITE_RECURSION = YES;
				CLANG_WARN_INT_CONVERSION = YES;
				CLANG_WARN_NON_LITERAL_NULL_CONVERSION = YES;
				CLANG_WARN_OBJC_IMPLICIT_RETAIN_SELF = YES;
				CLANG_WARN_OBJC_LITERAL_CONVERSION = YES;
				CLANG_WARN_OBJC_ROOT_CLASS = YES_ERROR;
				CLANG_WARN_QUOTED_INCLUDE_IN_FRAMEWORK_HEADER = YES;
				CLANG_WARN_RANGE_LOOP_ANALYSIS = YES;
				CLANG_WARN_STRICT_PROTOTYPES = YES;
				CLANG_WARN_SUSPICIOUS_MOVE = YES;
				CLANG_WARN_UNGUARDED_AVAILABILITY = YES_AGGRESSIVE;
				CLANG_WARN_UNREACHABLE_CODE = YES;
				CLANG_WARN__DUPLICATE_METHOD_MATCH = YES;
				COPY_PHASE_STRIP = NO;
				DEBUG_INFORMATION_FORMAT = "dwarf-with-dsym";
				ENABLE_NS_ASSERTIONS = NO;
				ENABLE_STRICT_OBJC_MSGSEND = YES;
				GCC_C_LANGUAGE_STANDARD = gnu11;
				GCC_NO_COMMON_BLOCKS = YES;
				GCC_WARN_64_TO_32_BIT_CONVERSION = YES;
				GCC_WARN_ABOUT_RETURN_TYPE = YES_ERROR;
				GCC_WARN_UNDECLARED_SELECTOR = YES;
				GCC_WARN_UNINITIALIZED_AUTOS = YES_AGGRESSIVE;
				GCC_WARN_UNUSED_FUNCTION = YES;
				GCC_WARN_UNUSED_VARIABLE = YES;
				IPHONEOS_DEPLOYMENT_TARGET = 16.0;
				MTL_ENABLE_DEBUG_INFO = NO;
				MTL_FAST_MATH = YES;
				SDKROOT = iphoneos;
				SWIFT_COMPILATION_MODE = wholemodule;
				SWIFT_OPTIMIZATION_LEVEL = "-O";
				VALIDATE_PRODUCT = YES;
			};
			name = Release;
		};
		B137E27428F7367D00564F1E /* Debug */ = {
			isa = XCBuildConfiguration;
			buildSettings = {
				ASSETCATALOG_COMPILER_APPICON_NAME = AppIcon;
				ASSETCATALOG_COMPILER_GLOBAL_ACCENT_COLOR_NAME = AccentColor;
				CODE_SIGN_STYLE = Automatic;
				CURRENT_PROJECT_VERSION = 1;
				DEVELOPMENT_TEAM = 2V4WZ552YS;
				GENERATE_INFOPLIST_FILE = YES;
				INFOPLIST_FILE = FinCalculator/Info.plist;
				INFOPLIST_KEY_UIApplicationSupportsIndirectInputEvents = YES;
				INFOPLIST_KEY_UILaunchStoryboardName = LaunchScreen;
				INFOPLIST_KEY_UIMainStoryboardFile = Main;
				INFOPLIST_KEY_UISupportedInterfaceOrientations_iPad = "UIInterfaceOrientationPortrait UIInterfaceOrientationPortraitUpsideDown UIInterfaceOrientationLandscapeLeft UIInterfaceOrientationLandscapeRight";
				INFOPLIST_KEY_UISupportedInterfaceOrientations_iPhone = "UIInterfaceOrientationPortrait UIInterfaceOrientationLandscapeLeft UIInterfaceOrientationLandscapeRight";
				LD_RUNPATH_SEARCH_PATHS = (
					"$(inherited)",
					"@executable_path/Frameworks",
				);
				MARKETING_VERSION = 1.0;
				PRODUCT_BUNDLE_IDENTIFIER = RomkaZobnin.FinCalculator;
				PRODUCT_NAME = "$(TARGET_NAME)";
				SWIFT_EMIT_LOC_STRINGS = YES;
				SWIFT_VERSION = 5.0;
				TARGETED_DEVICE_FAMILY = "1,2";
			};
			name = Debug;
		};
		B137E27528F7367D00564F1E /* Release */ = {
			isa = XCBuildConfiguration;
			buildSettings = {
				ASSETCATALOG_COMPILER_APPICON_NAME = AppIcon;
				ASSETCATALOG_COMPILER_GLOBAL_ACCENT_COLOR_NAME = AccentColor;
				CODE_SIGN_STYLE = Automatic;
				CURRENT_PROJECT_VERSION = 1;
				DEVELOPMENT_TEAM = 2V4WZ552YS;
				GENERATE_INFOPLIST_FILE = YES;
				INFOPLIST_FILE = FinCalculator/Info.plist;
				INFOPLIST_KEY_UIApplicationSupportsIndirectInputEvents = YES;
				INFOPLIST_KEY_UILaunchStoryboardName = LaunchScreen;
				INFOPLIST_KEY_UIMainStoryboardFile = Main;
				INFOPLIST_KEY_UISupportedInterfaceOrientations_iPad = "UIInterfaceOrientationPortrait UIInterfaceOrientationPortraitUpsideDown UIInterfaceOrientationLandscapeLeft UIInterfaceOrientationLandscapeRight";
				INFOPLIST_KEY_UISupportedInterfaceOrientations_iPhone = "UIInterfaceOrientationPortrait UIInterfaceOrientationLandscapeLeft UIInterfaceOrientationLandscapeRight";
				LD_RUNPATH_SEARCH_PATHS = (
					"$(inherited)",
					"@executable_path/Frameworks",
				);
				MARKETING_VERSION = 1.0;
				PRODUCT_BUNDLE_IDENTIFIER = RomkaZobnin.FinCalculator;
				PRODUCT_NAME = "$(TARGET_NAME)";
				SWIFT_EMIT_LOC_STRINGS = YES;
				SWIFT_VERSION = 5.0;
				TARGETED_DEVICE_FAMILY = "1,2";
			};
			name = Release;
		};
/* End XCBuildConfiguration section */

/* Begin XCConfigurationList section */
		B137E25A28F7367B00564F1E /* Build configuration list for PBXProject "FinCalculator" */ = {
			isa = XCConfigurationList;
			buildConfigurations = (
				B137E27128F7367D00564F1E /* Debug */,
				B137E27228F7367D00564F1E /* Release */,
			);
			defaultConfigurationIsVisible = 0;
			defaultConfigurationName = Release;
		};
		B137E27328F7367D00564F1E /* Build configuration list for PBXNativeTarget "FinCalculator" */ = {
			isa = XCConfigurationList;
			buildConfigurations = (
				B137E27428F7367D00564F1E /* Debug */,
				B137E27528F7367D00564F1E /* Release */,
			);
			defaultConfigurationIsVisible = 0;
			defaultConfigurationName = Release;
		};
/* End XCConfigurationList section */
	};
	rootObject = B137E25728F7367B00564F1E /* Project object */;
}
